
Microsoft Visual Studio Solution File, Format Version 12.00
# Visual Studio 15
VisualStudioVersion = 15.0.28307.1433
MinimumVisualStudioVersion = 10.0.40219.1
Project("{8BC9CEB8-8B4A-11D0-8D11-00A0C91BC942}") = "dianzulv", "dianzulv\dianzulv.vcxproj", "{1CA7FF0F-B436-40C2-ACE9-37095A5D9AD4}"
EndProject
Project("{8BC9CEB8-8B4A-11D0-8D11-00A0C91BC942}") = "PLCConnect", "PLCConnect\PLCConnect.vcxproj", "{EC960D73-19CE-41CB-A8CA-C5FDDB974BE4}"
EndProject
Global
	GlobalSection(SolutionConfigurationPlatforms) = preSolution
		Debug|x64 = Debug|x64
		Debug|x86 = Debug|x86
		Release|x64 = Release|x64
		Release|x86 = Release|x86
	EndGlobalSection
	GlobalSection(ProjectConfigurationPlatforms) = postSolution
		{1CA7FF0F-B436-40C2-ACE9-37095A5D9AD4}.Debug|x64.ActiveCfg = Debug|x64
		{1CA7FF0F-B436-40C2-ACE9-37095A5D9AD4}.Debug|x64.Build.0 = Debug|x64
		{1CA7FF0F-B436-40C2-ACE9-37095A5D9AD4}.Debug|x86.ActiveCfg = Debug|x64
		{1CA7FF0F-B436-40C2-ACE9-37095A5D9AD4}.Release|x64.ActiveCfg = Release|x64
		{1CA7FF0F-B436-40C2-ACE9-37095A5D9AD4}.Release|x64.Build.0 = Release|x64
		{1CA7FF0F-B436-40C2-ACE9-37095A5D9AD4}.Release|x86.ActiveCfg = Release|x64
		{EC960D73-19CE-41CB-A8CA-C5FDDB974BE4}.Debug|x64.ActiveCfg = Debug|x64
		{EC960D73-19CE-41CB-A8CA-C5FDDB974BE4}.Debug|x64.Build.0 = Debug|x64
		{EC960D73-19CE-41CB-A8CA-C5FDDB974BE4}.Debug|x86.ActiveCfg = Debug|Win32
		{EC960D73-19CE-41CB-A8CA-C5FDDB974BE4}.Debug|x86.Build.0 = Debug|Win32
		{EC960D73-19CE-41CB-A8CA-C5FDDB974BE4}.Release|x64.ActiveCfg = Release|x64
		{EC960D73-19CE-41CB-A8CA-C5FDDB974BE4}.Release|x64.Build.0 = Release|x64
		{EC960D73-19CE-41CB-A8CA-C5FDDB974BE4}.Release|x86.ActiveCfg = Release|Win32
		{EC960D73-19CE-41CB-A8CA-C5FDDB974BE4}.Release|x86.Build.0 = Release|Win32
	EndGlobalSection
	GlobalSection(SolutionProperties) = preSolution
		HideSolutionNode = FALSE
	EndGlobalSection
	GlobalSection(ExtensibilityGlobals) = postSolution
		SolutionGuid = {4B754B87-83DF-40C5-9F4B-DB818A087C69}
	EndGlobalSection
EndGlobal
